// !$*UTF8*$!
{
	archiveVersion = 1;
	classes = {
	};
	objectVersion = 46;
	objects = {

/* Begin PBXBuildFile section */
		59AE7649D5A7857D832FBDDD /* Pods_SegmentPageDemoUITests.framework in Frameworks */ = {isa = PBXBuildFile; fileRef = C91EB62891ED844860399F73 /* Pods_SegmentPageDemoUITests.framework */; };
		677827C608799E46B843EF3E /* Pods_SegmentPageDemo.framework in Frameworks */ = {isa = PBXBuildFile; fileRef = CA78BB675430CB11D41A1750 /* Pods_SegmentPageDemo.framework */; };
		7A1248A91F1CAE51004308E6 /* AppDelegate.swift in Sources */ = {isa = PBXBuildFile; fileRef = 7A1248A81F1CAE51004308E6 /* AppDelegate.swift */; };
		7A1248AB1F1CAE51004308E6 /* ViewController.swift in Sources */ = {isa = PBXBuildFile; fileRef = 7A1248AA1F1CAE51004308E6 /* ViewController.swift */; };
		7A1248AE1F1CAE51004308E6 /* Main.storyboard in Resources */ = {isa = PBXBuildFile; fileRef = 7A1248AC1F1CAE51004308E6 /* Main.storyboard */; };
		7A1248B01F1CAE51004308E6 /* Assets.xcassets in Resources */ = {isa = PBXBuildFile; fileRef = 7A1248AF1F1CAE51004308E6 /* Assets.xcassets */; };
		7A1248B31F1CAE51004308E6 /* LaunchScreen.storyboard in Resources */ = {isa = PBXBuildFile; fileRef = 7A1248B11F1CAE51004308E6 /* LaunchScreen.storyboard */; };
		7A1248BE1F1CAE51004308E6 /* SegmentPageDemoTests.swift in Sources */ = {isa = PBXBuildFile; fileRef = 7A1248BD1F1CAE51004308E6 /* SegmentPageDemoTests.swift */; };
		7A1248C91F1CAE51004308E6 /* SegmentPageDemoUITests.swift in Sources */ = {isa = PBXBuildFile; fileRef = 7A1248C81F1CAE51004308E6 /* SegmentPageDemoUITests.swift */; };
		7A1248D71F1CB1D1004308E6 /* LCKListBar.swift in Sources */ = {isa = PBXBuildFile; fileRef = 7A1248D61F1CB1D1004308E6 /* LCKListBar.swift */; };
		7A1248EC1F1CC098004308E6 /* UIColor_DYKAddition.swift in Sources */ = {isa = PBXBuildFile; fileRef = 7A1248EB1F1CC098004308E6 /* UIColor_DYKAddition.swift */; };
		7AF5E5691F1DAEA800692D51 /* LCKCommons.swift in Sources */ = {isa = PBXBuildFile; fileRef = 7AF5E5681F1DAEA800692D51 /* LCKCommons.swift */; };
		7AF5E56D1F1F045000692D51 /* ContentViewController.swift in Sources */ = {isa = PBXBuildFile; fileRef = 7AF5E56C1F1F045000692D51 /* ContentViewController.swift */; };
		B496669C52087C495620DF38 /* Pods_SegmentPageDemoTests.framework in Frameworks */ = {isa = PBXBuildFile; fileRef = 904C42602EC27552E520A900 /* Pods_SegmentPageDemoTests.framework */; };
/* End PBXBuildFile section */

/* Begin PBXContainerItemProxy section */
		7A1248BA1F1CAE51004308E6 /* PBXContainerItemProxy */ = {
			isa = PBXContainerItemProxy;
			containerPortal = 7A12489D1F1CAE51004308E6 /* Project object */;
			proxyType = 1;
			remoteGlobalIDString = 7A1248A41F1CAE51004308E6;
			remoteInfo = SegmentPageDemo;
		};
		7A1248C51F1CAE51004308E6 /* PBXContainerItemProxy */ = {
			isa = PBXContainerItemProxy;
			containerPortal = 7A12489D1F1CAE51004308E6 /* Project object */;
			proxyType = 1;
			remoteGlobalIDString = 7A1248A41F1CAE51004308E6;
			remoteInfo = SegmentPageDemo;
		};
/* End PBXContainerItemProxy section */

/* Begin PBXFileReference section */
		29DF89D02EC271DB487BA6CC /* Pods-SegmentPageDemoUITests.debug.xcconfig */ = {isa = PBXFileReference; includeInIndex = 1; lastKnownFileType = text.xcconfig; name = "Pods-SegmentPageDemoUITests.debug.xcconfig"; path = "Pods/Target Support Files/Pods-SegmentPageDemoUITests/Pods-SegmentPageDemoUITests.debug.xcconfig"; sourceTree = "<group>"; };
		313FB953CE18EC6F7071214B /* Pods-SegmentPageDemo.release.xcconfig */ = {isa = PBXFileReference; includeInIndex = 1; lastKnownFileType = text.xcconfig; name = "Pods-SegmentPageDemo.release.xcconfig"; path = "Pods/Target Support Files/Pods-SegmentPageDemo/Pods-SegmentPageDemo.release.xcconfig"; sourceTree = "<group>"; };
		3877545A7D840D7A44DDEAC1 /* Pods-SegmentPageDemo.debug.xcconfig */ = {isa = PBXFileReference; includeInIndex = 1; lastKnownFileType = text.xcconfig; name = "Pods-SegmentPageDemo.debug.xcconfig"; path = "Pods/Target Support Files/Pods-SegmentPageDemo/Pods-SegmentPageDemo.debug.xcconfig"; sourceTree = "<group>"; };
		3B52ECCB53DA084C081BCDB3 /* Pods-SegmentPageDemoUITests.release.xcconfig */ = {isa = PBXFileReference; includeInIndex = 1; lastKnownFileType = text.xcconfig; name = "Pods-SegmentPageDemoUITests.release.xcconfig"; path = "Pods/Target Support Files/Pods-SegmentPageDemoUITests/Pods-SegmentPageDemoUITests.release.xcconfig"; sourceTree = "<group>"; };
		7A1248A51F1CAE51004308E6 /* SegmentPageDemo.app */ = {isa = PBXFileReference; explicitFileType = wrapper.application; includeInIndex = 0; path = SegmentPageDemo.app; sourceTree = BUILT_PRODUCTS_DIR; };
		7A1248A81F1CAE51004308E6 /* AppDelegate.swift */ = {isa = PBXFileReference; lastKnownFileType = sourcecode.swift; path = AppDelegate.swift; sourceTree = "<group>"; };
		7A1248AA1F1CAE51004308E6 /* ViewController.swift */ = {isa = PBXFileReference; lastKnownFileType = sourcecode.swift; path = ViewController.swift; sourceTree = "<group>"; };
		7A1248AD1F1CAE51004308E6 /* Base */ = {isa = PBXFileReference; lastKnownFileType = file.storyboard; name = Base; path = Base.lproj/Main.storyboard; sourceTree = "<group>"; };
		7A1248AF1F1CAE51004308E6 /* Assets.xcassets */ = {isa = PBXFileReference; lastKnownFileType = folder.assetcatalog; path = Assets.xcassets; sourceTree = "<group>"; };
		7A1248B21F1CAE51004308E6 /* Base */ = {isa = PBXFileReference; lastKnownFileType = file.storyboard; name = Base; path = Base.lproj/LaunchScreen.storyboard; sourceTree = "<group>"; };
		7A1248B41F1CAE51004308E6 /* Info.plist */ = {isa = PBXFileReference; lastKnownFileType = text.plist.xml; path = Info.plist; sourceTree = "<group>"; };
		7A1248B91F1CAE51004308E6 /* SegmentPageDemoTests.xctest */ = {isa = PBXFileReference; explicitFileType = wrapper.cfbundle; includeInIndex = 0; path = SegmentPageDemoTests.xctest; sourceTree = BUILT_PRODUCTS_DIR; };
		7A1248BD1F1CAE51004308E6 /* SegmentPageDemoTests.swift */ = {isa = PBXFileReference; lastKnownFileType = sourcecode.swift; path = SegmentPageDemoTests.swift; sourceTree = "<group>"; };
		7A1248BF1F1CAE51004308E6 /* Info.plist */ = {isa = PBXFileReference; lastKnownFileType = text.plist.xml; path = Info.plist; sourceTree = "<group>"; };
		7A1248C41F1CAE51004308E6 /* SegmentPageDemoUITests.xctest */ = {isa = PBXFileReference; explicitFileType = wrapper.cfbundle; includeInIndex = 0; path = SegmentPageDemoUITests.xctest; sourceTree = BUILT_PRODUCTS_DIR; };
		7A1248C81F1CAE51004308E6 /* SegmentPageDemoUITests.swift */ = {isa = PBXFileReference; lastKnownFileType = sourcecode.swift; path = SegmentPageDemoUITests.swift; sourceTree = "<group>"; };
		7A1248CA1F1CAE51004308E6 /* Info.plist */ = {isa = PBXFileReference; lastKnownFileType = text.plist.xml; path = Info.plist; sourceTree = "<group>"; };
		7A1248D61F1CB1D1004308E6 /* LCKListBar.swift */ = {isa = PBXFileReference; fileEncoding = 4; lastKnownFileType = sourcecode.swift; path = LCKListBar.swift; sourceTree = "<group>"; };
		7A1248EB1F1CC098004308E6 /* UIColor_DYKAddition.swift */ = {isa = PBXFileReference; fileEncoding = 4; lastKnownFileType = sourcecode.swift; path = UIColor_DYKAddition.swift; sourceTree = "<group>"; };
		7AF5E5681F1DAEA800692D51 /* LCKCommons.swift */ = {isa = PBXFileReference; fileEncoding = 4; lastKnownFileType = sourcecode.swift; path = LCKCommons.swift; sourceTree = "<group>"; };
		7AF5E56C1F1F045000692D51 /* ContentViewController.swift */ = {isa = PBXFileReference; fileEncoding = 4; lastKnownFileType = sourcecode.swift; path = ContentViewController.swift; sourceTree = "<group>"; };
		888A978ACD38107021346698 /* Pods-SegmentPageDemoTests.release.xcconfig */ = {isa = PBXFileReference; includeInIndex = 1; lastKnownFileType = text.xcconfig; name = "Pods-SegmentPageDemoTests.release.xcconfig"; path = "Pods/Target Support Files/Pods-SegmentPageDemoTests/Pods-SegmentPageDemoTests.release.xcconfig"; sourceTree = "<group>"; };
		904C42602EC27552E520A900 /* Pods_SegmentPageDemoTests.framework */ = {isa = PBXFileReference; explicitFileType = wrapper.framework; includeInIndex = 0; path = Pods_SegmentPageDemoTests.framework; sourceTree = BUILT_PRODUCTS_DIR; };
		C91EB62891ED844860399F73 /* Pods_SegmentPageDemoUITests.framework */ = {isa = PBXFileReference; explicitFileType = wrapper.framework; includeInIndex = 0; path = Pods_SegmentPageDemoUITests.framework; sourceTree = BUILT_PRODUCTS_DIR; };
		CA78BB675430CB11D41A1750 /* Pods_SegmentPageDemo.framework */ = {isa = PBXFileReference; explicitFileType = wrapper.framework; includeInIndex = 0; path = Pods_SegmentPageDemo.framework; sourceTree = BUILT_PRODUCTS_DIR; };
		E0E334251CDB9EE239916812 /* Pods-SegmentPageDemoTests.debug.xcconfig */ = {isa = PBXFileReference; includeInIndex = 1; lastKnownFileType = text.xcconfig; name = "Pods-SegmentPageDemoTests.debug.xcconfig"; path = "Pods/Target Support Files/Pods-SegmentPageDemoTests/Pods-SegmentPageDemoTests.debug.xcconfig"; sourceTree = "<group>"; };
/* End PBXFileReference section */

/* Begin PBXFrameworksBuildPhase section */
		7A1248A21F1CAE51004308E6 /* Frameworks */ = {
			isa = PBXFrameworksBuildPhase;
			buildActionMask = 2147483647;
			files = (
				677827C608799E46B843EF3E /* Pods_SegmentPageDemo.framework in Frameworks */,
			);
			runOnlyForDeploymentPostprocessing = 0;
		};
		7A1248B61F1CAE51004308E6 /* Frameworks */ = {
			isa = PBXFrameworksBuildPhase;
			buildActionMask = 2147483647;
			files = (
				B496669C52087C495620DF38 /* Pods_SegmentPageDemoTests.framework in Frameworks */,
			);
			runOnlyForDeploymentPostprocessing = 0;
		};
		7A1248C11F1CAE51004308E6 /* Frameworks */ = {
			isa = PBXFrameworksBuildPhase;
			buildActionMask = 2147483647;
			files = (
				59AE7649D5A7857D832FBDDD /* Pods_SegmentPageDemoUITests.framework in Frameworks */,
			);
			runOnlyForDeploymentPostprocessing = 0;
		};
/* End PBXFrameworksBuildPhase section */

/* Begin PBXGroup section */
		7A12489C1F1CAE51004308E6 = {
			isa = PBXGroup;
			children = (
				7A1248EA1F1CC098004308E6 /* Vander */,
				7A1248A71F1CAE51004308E6 /* SegmentPageDemo */,
				7A1248BC1F1CAE51004308E6 /* SegmentPageDemoTests */,
				7A1248C71F1CAE51004308E6 /* SegmentPageDemoUITests */,
				7A1248A61F1CAE51004308E6 /* Products */,
				B96C72AECFF90A2D8C81ED06 /* Pods */,
				BA801A86BC54A6F7B5262BFF /* Frameworks */,
			);
			sourceTree = "<group>";
		};
		7A1248A61F1CAE51004308E6 /* Products */ = {
			isa = PBXGroup;
			children = (
				7A1248A51F1CAE51004308E6 /* SegmentPageDemo.app */,
				7A1248B91F1CAE51004308E6 /* SegmentPageDemoTests.xctest */,
				7A1248C41F1CAE51004308E6 /* SegmentPageDemoUITests.xctest */,
			);
			name = Products;
			sourceTree = "<group>";
		};
		7A1248A71F1CAE51004308E6 /* SegmentPageDemo */ = {
			isa = PBXGroup;
			children = (
				7A1248A81F1CAE51004308E6 /* AppDelegate.swift */,
				7A1248AA1F1CAE51004308E6 /* ViewController.swift */,
				7AF5E56C1F1F045000692D51 /* ContentViewController.swift */,
				7A1248D61F1CB1D1004308E6 /* LCKListBar.swift */,
				7A1248AC1F1CAE51004308E6 /* Main.storyboard */,
				7A1248AF1F1CAE51004308E6 /* Assets.xcassets */,
				7A1248B11F1CAE51004308E6 /* LaunchScreen.storyboard */,
				7A1248B41F1CAE51004308E6 /* Info.plist */,
			);
			path = SegmentPageDemo;
			sourceTree = "<group>";
		};
		7A1248BC1F1CAE51004308E6 /* SegmentPageDemoTests */ = {
			isa = PBXGroup;
			children = (
				7A1248BD1F1CAE51004308E6 /* SegmentPageDemoTests.swift */,
				7A1248BF1F1CAE51004308E6 /* Info.plist */,
			);
			path = SegmentPageDemoTests;
			sourceTree = "<group>";
		};
		7A1248C71F1CAE51004308E6 /* SegmentPageDemoUITests */ = {
			isa = PBXGroup;
			children = (
				7A1248C81F1CAE51004308E6 /* SegmentPageDemoUITests.swift */,
				7A1248CA1F1CAE51004308E6 /* Info.plist */,
			);
			path = SegmentPageDemoUITests;
			sourceTree = "<group>";
		};
		7A1248EA1F1CC098004308E6 /* Vander */ = {
			isa = PBXGroup;
			children = (
				7A1248EB1F1CC098004308E6 /* UIColor_DYKAddition.swift */,
				7AF5E5681F1DAEA800692D51 /* LCKCommons.swift */,
			);
			path = Vander;
			sourceTree = "<group>";
		};
		B96C72AECFF90A2D8C81ED06 /* Pods */ = {
			isa = PBXGroup;
			children = (
				3877545A7D840D7A44DDEAC1 /* Pods-SegmentPageDemo.debug.xcconfig */,
				313FB953CE18EC6F7071214B /* Pods-SegmentPageDemo.release.xcconfig */,
				E0E334251CDB9EE239916812 /* Pods-SegmentPageDemoTests.debug.xcconfig */,
				888A978ACD38107021346698 /* Pods-SegmentPageDemoTests.release.xcconfig */,
				29DF89D02EC271DB487BA6CC /* Pods-SegmentPageDemoUITests.debug.xcconfig */,
				3B52ECCB53DA084C081BCDB3 /* Pods-SegmentPageDemoUITests.release.xcconfig */,
			);
			name = Pods;
			sourceTree = "<group>";
		};
		BA801A86BC54A6F7B5262BFF /* Frameworks */ = {
			isa = PBXGroup;
			children = (
				CA78BB675430CB11D41A1750 /* Pods_SegmentPageDemo.framework */,
				904C42602EC27552E520A900 /* Pods_SegmentPageDemoTests.framework */,
				C91EB62891ED844860399F73 /* Pods_SegmentPageDemoUITests.framework */,
			);
			name = Frameworks;
			sourceTree = "<group>";
		};
/* End PBXGroup section */

/* Begin PBXNativeTarget section */
		7A1248A41F1CAE51004308E6 /* SegmentPageDemo */ = {
			isa = PBXNativeTarget;
			buildConfigurationList = 7A1248CD1F1CAE51004308E6 /* Build configuration list for PBXNativeTarget "SegmentPageDemo" */;
			buildPhases = (
				94A353402B9B95977E3572E1 /* [CP] Check Pods Manifest.lock */,
				7A1248A11F1CAE51004308E6 /* Sources */,
				7A1248A21F1CAE51004308E6 /* Frameworks */,
				7A1248A31F1CAE51004308E6 /* Resources */,
				4D3137C80DC5A3047EEDB355 /* [CP] Embed Pods Frameworks */,
				16047C1B8B4BE0355F13347F /* [CP] Copy Pods Resources */,
			);
			buildRules = (
			);
			dependencies = (
			);
			name = SegmentPageDemo;
			productName = SegmentPageDemo;
			productReference = 7A1248A51F1CAE51004308E6 /* SegmentPageDemo.app */;
			productType = "com.apple.product-type.application";
		};
		7A1248B81F1CAE51004308E6 /* SegmentPageDemoTests */ = {
			isa = PBXNativeTarget;
			buildConfigurationList = 7A1248D01F1CAE51004308E6 /* Build configuration list for PBXNativeTarget "SegmentPageDemoTests" */;
			buildPhases = (
				477CCF339675F63679F52E7F /* [CP] Check Pods Manifest.lock */,
				7A1248B51F1CAE51004308E6 /* Sources */,
				7A1248B61F1CAE51004308E6 /* Frameworks */,
				7A1248B71F1CAE51004308E6 /* Resources */,
				D40C5498246FC2E5C2D78AA1 /* [CP] Embed Pods Frameworks */,
				85F2369FAFFCDB192AC62684 /* [CP] Copy Pods Resources */,
			);
			buildRules = (
			);
			dependencies = (
				7A1248BB1F1CAE51004308E6 /* PBXTargetDependency */,
			);
			name = SegmentPageDemoTests;
			productName = SegmentPageDemoTests;
			productReference = 7A1248B91F1CAE51004308E6 /* SegmentPageDemoTests.xctest */;
			productType = "com.apple.product-type.bundle.unit-test";
		};
		7A1248C31F1CAE51004308E6 /* SegmentPageDemoUITests */ = {
			isa = PBXNativeTarget;
			buildConfigurationList = 7A1248D31F1CAE51004308E6 /* Build configuration list for PBXNativeTarget "SegmentPageDemoUITests" */;
			buildPhases = (
				D86906C230D909C20194B388 /* [CP] Check Pods Manifest.lock */,
				7A1248C01F1CAE51004308E6 /* Sources */,
				7A1248C11F1CAE51004308E6 /* Frameworks */,
				7A1248C21F1CAE51004308E6 /* Resources */,
				29FAB0082C93A346A9D2C935 /* [CP] Embed Pods Frameworks */,
				E05F3D52E65902B82046F946 /* [CP] Copy Pods Resources */,
			);
			buildRules = (
			);
			dependencies = (
				7A1248C61F1CAE51004308E6 /* PBXTargetDependency */,
			);
			name = SegmentPageDemoUITests;
			productName = SegmentPageDemoUITests;
			productReference = 7A1248C41F1CAE51004308E6 /* SegmentPageDemoUITests.xctest */;
			productType = "com.apple.product-type.bundle.ui-testing";
		};
/* End PBXNativeTarget section */

/* Begin PBXProject section */
		7A12489D1F1CAE51004308E6 /* Project object */ = {
			isa = PBXProject;
			attributes = {
				LastSwiftUpdateCheck = 0830;
				LastUpgradeCheck = 0830;
				ORGANIZATIONNAME = yuanjilee;
				TargetAttributes = {
					7A1248A41F1CAE51004308E6 = {
						CreatedOnToolsVersion = 8.3.2;
						DevelopmentTeam = 5NKJT58L7D;
						ProvisioningStyle = Automatic;
					};
					7A1248B81F1CAE51004308E6 = {
						CreatedOnToolsVersion = 8.3.2;
						DevelopmentTeam = 5NKJT58L7D;
						ProvisioningStyle = Automatic;
						TestTargetID = 7A1248A41F1CAE51004308E6;
					};
					7A1248C31F1CAE51004308E6 = {
						CreatedOnToolsVersion = 8.3.2;
						DevelopmentTeam = 5NKJT58L7D;
						ProvisioningStyle = Automatic;
						TestTargetID = 7A1248A41F1CAE51004308E6;
					};
				};
			};
			buildConfigurationList = 7A1248A01F1CAE51004308E6 /* Build configuration list for PBXProject "SegmentPageDemo" */;
			compatibilityVersion = "Xcode 3.2";
			developmentRegion = English;
			hasScannedForEncodings = 0;
			knownRegions = (
				en,
				Base,
			);
			mainGroup = 7A12489C1F1CAE51004308E6;
			productRefGroup = 7A1248A61F1CAE51004308E6 /* Products */;
			projectDirPath = "";
			projectRoot = "";
			targets = (
				7A1248A41F1CAE51004308E6 /* SegmentPageDemo */,
				7A1248B81F1CAE51004308E6 /* SegmentPageDemoTests */,
				7A1248C31F1CAE51004308E6 /* SegmentPageDemoUITests */,
			);
		};
/* End PBXProject section */

/* Begin PBXResourcesBuildPhase section */
		7A1248A31F1CAE51004308E6 /* Resources */ = {
			isa = PBXResourcesBuildPhase;
			buildActionMask = 2147483647;
			files = (
				7A1248B31F1CAE51004308E6 /* LaunchScreen.storyboard in Resources */,
				7A1248B01F1CAE51004308E6 /* Assets.xcassets in Resources */,
				7A1248AE1F1CAE51004308E6 /* Main.storyboard in Resources */,
			);
			runOnlyForDeploymentPostprocessing = 0;
		};
		7A1248B71F1CAE51004308E6 /* Resources */ = {
			isa = PBXResourcesBuildPhase;
			buildActionMask = 2147483647;
			files = (
			);
			runOnlyForDeploymentPostprocessing = 0;
		};
		7A1248C21F1CAE51004308E6 /* Resources */ = {
			isa = PBXResourcesBuildPhase;
			buildActionMask = 2147483647;
			files = (
			);
			runOnlyForDeploymentPostprocessing = 0;
		};
/* End PBXResourcesBuildPhase section */

/* Begin PBXShellScriptBuildPhase section */
		16047C1B8B4BE0355F13347F /* [CP] Copy Pods Resources */ = {
			isa = PBXShellScriptBuildPhase;
			buildActionMask = 2147483647;
			files = (
			);
			inputPaths = (
			);
			name = "[CP] Copy Pods Resources";
			outputPaths = (
			);
			runOnlyForDeploymentPostprocessing = 0;
			shellPath = /bin/sh;
			shellScript = "\"${SRCROOT}/Pods/Target Support Files/Pods-SegmentPageDemo/Pods-SegmentPageDemo-resources.sh\"\n";
			showEnvVarsInLog = 0;
		};
		29FAB0082C93A346A9D2C935 /* [CP] Embed Pods Frameworks */ = {
			isa = PBXShellScriptBuildPhase;
			buildActionMask = 2147483647;
			files = (
			);
			inputPaths = (
			);
			name = "[CP] Embed Pods Frameworks";
			outputPaths = (
			);
			runOnlyForDeploymentPostprocessing = 0;
			shellPath = /bin/sh;
			shellScript = "\"${SRCROOT}/Pods/Target Support Files/Pods-SegmentPageDemoUITests/Pods-SegmentPageDemoUITests-frameworks.sh\"\n";
			showEnvVarsInLog = 0;
		};
		477CCF339675F63679F52E7F /* [CP] Check Pods Manifest.lock */ = {
			isa = PBXShellScriptBuildPhase;
			buildActionMask = 2147483647;
			files = (
			);
			inputPaths = (
				"${PODS_PODFILE_DIR_PATH}/Podfile.lock",
				"${PODS_ROOT}/Manifest.lock",
			);
			name = "[CP] Check Pods Manifest.lock";
			outputPaths = (
				"$(DERIVED_FILE_DIR)/Pods-SegmentPageDemoTests-checkManifestLockResult.txt",
			);
			runOnlyForDeploymentPostprocessing = 0;
			shellPath = /bin/sh;
			shellScript = "diff \"${PODS_PODFILE_DIR_PATH}/Podfile.lock\" \"${PODS_ROOT}/Manifest.lock\" > /dev/null\nif [ $? != 0 ] ; then\n    # print error to STDERR\n    echo \"error: The sandbox is not in sync with the Podfile.lock. Run 'pod install' or update your CocoaPods installation.\" >&2\n    exit 1\nfi\n# This output is used by Xcode 'outputs' to avoid re-running this script phase.\necho \"SUCCESS\" > \"${SCRIPT_OUTPUT_FILE_0}\"\n";
			showEnvVarsInLog = 0;
		};
		4D3137C80DC5A3047EEDB355 /* [CP] Embed Pods Frameworks */ = {
			isa = PBXShellScriptBuildPhase;
			buildActionMask = 2147483647;
			files = (
			);
			inputPaths = (
				"${SRCROOT}/Pods/Target Support Files/Pods-SegmentPageDemo/Pods-SegmentPageDemo-frameworks.sh",
				"${BUILT_PRODUCTS_DIR}/SnapKit/SnapKit.framework",
			);
			name = "[CP] Embed Pods Frameworks";
			outputPaths = (
				"${TARGET_BUILD_DIR}/${FRAMEWORKS_FOLDER_PATH}/SnapKit.framework",
			);
			runOnlyForDeploymentPostprocessing = 0;
			shellPath = /bin/sh;
			shellScript = "\"${SRCROOT}/Pods/Target Support Files/Pods-SegmentPageDemo/Pods-SegmentPageDemo-frameworks.sh\"\n";
			showEnvVarsInLog = 0;
		};
		85F2369FAFFCDB192AC62684 /* [CP] Copy Pods Resources */ = {
			isa = PBXShellScriptBuildPhase;
			buildActionMask = 2147483647;
			files = (
			);
			inputPaths = (
			);
			name = "[CP] Copy Pods Resources";
			outputPaths = (
			);
			runOnlyForDeploymentPostprocessing = 0;
			shellPath = /bin/sh;
			shellScript = "\"${SRCROOT}/Pods/Target Support Files/Pods-SegmentPageDemoTests/Pods-SegmentPageDemoTests-resources.sh\"\n";
			showEnvVarsInLog = 0;
		};
		94A353402B9B95977E3572E1 /* [CP] Check Pods Manifest.lock */ = {
			isa = PBXShellScriptBuildPhase;
			buildActionMask = 2147483647;
			files = (
			);
			inputPaths = (
				"${PODS_PODFILE_DIR_PATH}/Podfile.lock",
				"${PODS_ROOT}/Manifest.lock",
			);
			name = "[CP] Check Pods Manifest.lock";
			outputPaths = (
				"$(DERIVED_FILE_DIR)/Pods-SegmentPageDemo-checkManifestLockResult.txt",
			);
			runOnlyForDeploymentPostprocessing = 0;
			shellPath = /bin/sh;
			shellScript = "diff \"${PODS_PODFILE_DIR_PATH}/Podfile.lock\" \"${PODS_ROOT}/Manifest.lock\" > /dev/null\nif [ $? != 0 ] ; then\n    # print error to STDERR\n    echo \"error: The sandbox is not in sync with the Podfile.lock. Run 'pod install' or update your CocoaPods installation.\" >&2\n    exit 1\nfi\n# This output is used by Xcode 'outputs' to avoid re-running this script phase.\necho \"SUCCESS\" > \"${SCRIPT_OUTPUT_FILE_0}\"\n";
			showEnvVarsInLog = 0;
		};
		D40C5498246FC2E5C2D78AA1 /* [CP] Embed Pods Frameworks */ = {
			isa = PBXShellScriptBuildPhase;
			buildActionMask = 2147483647;
			files = (
			);
			inputPaths = (
			);
			name = "[CP] Embed Pods Frameworks";
			outputPaths = (
			);
			runOnlyForDeploymentPostprocessing = 0;
			shellPath = /bin/sh;
			shellScript = "\"${SRCROOT}/Pods/Target Support Files/Pods-SegmentPageDemoTests/Pods-SegmentPageDemoTests-frameworks.sh\"\n";
			showEnvVarsInLog = 0;
		};
		D86906C230D909C20194B388 /* [CP] Check Pods Manifest.lock */ = {
			isa = PBXShellScriptBuildPhase;
			buildActionMask = 2147483647;
			files = (
			);
			inputPaths = (
				"${PODS_PODFILE_DIR_PATH}/Podfile.lock",
				"${PODS_ROOT}/Manifest.lock",
			);
			name = "[CP] Check Pods Manifest.lock";
			outputPaths = (
				"$(DERIVED_FILE_DIR)/Pods-SegmentPageDemoUITests-checkManifestLockResult.txt",
			);
			runOnlyForDeploymentPostprocessing = 0;
			shellPath = /bin/sh;
			shellScript = "diff \"${PODS_PODFILE_DIR_PATH}/Podfile.lock\" \"${PODS_ROOT}/Manifest.lock\" > /dev/null\nif [ $? != 0 ] ; then\n    # print error to STDERR\n    echo \"error: The sandbox is not in sync with the Podfile.lock. Run 'pod install' or update your CocoaPods installation.\" >&2\n    exit 1\nfi\n# This output is used by Xcode 'outputs' to avoid re-running this script phase.\necho \"SUCCESS\" > \"${SCRIPT_OUTPUT_FILE_0}\"\n";
			showEnvVarsInLog = 0;
		};
		E05F3D52E65902B82046F946 /* [CP] Copy Pods Resources */ = {
			isa = PBXShellScriptBuildPhase;
			buildActionMask = 2147483647;
			files = (
			);
			inputPaths = (
			);
			name = "[CP] Copy Pods Resources";
			outputPaths = (
			);
			runOnlyForDeploymentPostprocessing = 0;
			shellPath = /bin/sh;
			shellScript = "\"${SRCROOT}/Pods/Target Support Files/Pods-SegmentPageDemoUITests/Pods-SegmentPageDemoUITests-resources.sh\"\n";
			showEnvVarsInLog = 0;
		};
/* End PBXShellScriptBuildPhase section */

/* Begin PBXSourcesBuildPhase section */
		7A1248A11F1CAE51004308E6 /* Sources */ = {
			isa = PBXSourcesBuildPhase;
			buildActionMask = 2147483647;
			files = (
				7A1248EC1F1CC098004308E6 /* UIColor_DYKAddition.swift in Sources */,
				7A1248D71F1CB1D1004308E6 /* LCKListBar.swift in Sources */,
				7A1248AB1F1CAE51004308E6 /* ViewController.swift in Sources */,
				7A1248A91F1CAE51004308E6 /* AppDelegate.swift in Sources */,
				7AF5E56D1F1F045000692D51 /* ContentViewController.swift in Sources */,
				7AF5E5691F1DAEA800692D51 /* LCKCommons.swift in Sources */,
			);
			runOnlyForDeploymentPostprocessing = 0;
		};
		7A1248B51F1CAE51004308E6 /* Sources */ = {
			isa = PBXSourcesBuildPhase;
			buildActionMask = 2147483647;
			files = (
				7A1248BE1F1CAE51004308E6 /* SegmentPageDemoTests.swift in Sources */,
			);
			runOnlyForDeploymentPostprocessing = 0;
		};
		7A1248C01F1CAE51004308E6 /* Sources */ = {
			isa = PBXSourcesBuildPhase;
			buildActionMask = 2147483647;
			files = (
				7A1248C91F1CAE51004308E6 /* SegmentPageDemoUITests.swift in Sources */,
			);
			runOnlyForDeploymentPostprocessing = 0;
		};
/* End PBXSourcesBuildPhase section */

/* Begin PBXTargetDependency section */
		7A1248BB1F1CAE51004308E6 /* PBXTargetDependency */ = {
			isa = PBXTargetDependency;
			target = 7A1248A41F1CAE51004308E6 /* SegmentPageDemo */;
			targetProxy = 7A1248BA1F1CAE51004308E6 /* PBXContainerItemProxy */;
		};
		7A1248C61F1CAE51004308E6 /* PBXTargetDependency */ = {
			isa = PBXTargetDependency;
			target = 7A1248A41F1CAE51004308E6 /* SegmentPageDemo */;
			targetProxy = 7A1248C51F1CAE51004308E6 /* PBXContainerItemProxy */;
		};
/* End PBXTargetDependency section */

/* Begin PBXVariantGroup section */
		7A1248AC1F1CAE51004308E6 /* Main.storyboard */ = {
			isa = PBXVariantGroup;
			children = (
				7A1248AD1F1CAE51004308E6 /* Base */,
			);
			name = Main.storyboard;
			sourceTree = "<group>";
		};
		7A1248B11F1CAE51004308E6 /* LaunchScreen.storyboard */ = {
			isa = PBXVariantGroup;
			children = (
				7A1248B21F1CAE51004308E6 /* Base */,
			);
			name = LaunchScreen.storyboard;
			sourceTree = "<group>";
		};
/* End PBXVariantGroup section */

/* Begin XCBuildConfiguration section */
		7A1248CB1F1CAE51004308E6 /* Debug */ = {
			isa = XCBuildConfiguration;
			buildSettings = {
				ALWAYS_SEARCH_USER_PATHS = NO;
				CLANG_ANALYZER_NONNULL = YES;
				CLANG_ANALYZER_NUMBER_OBJECT_CONVERSION = YES_AGGRESSIVE;
				CLANG_CXX_LANGUAGE_STANDARD = "gnu++0x";
				CLANG_CXX_LIBRARY = "libc++";
				CLANG_ENABLE_MODULES = YES;
				CLANG_ENABLE_OBJC_ARC = YES;
				CLANG_WARN_BOOL_CONVERSION = YES;
				CLANG_WARN_CONSTANT_CONVERSION = YES;
				CLANG_WARN_DIRECT_OBJC_ISA_USAGE = YES_ERROR;
				CLANG_WARN_DOCUMENTATION_COMMENTS = YES;
				CLANG_WARN_EMPTY_BODY = YES;
				CLANG_WARN_ENUM_CONVERSION = YES;
				CLANG_WARN_INFINITE_RECURSION = YES;
				CLANG_WARN_INT_CONVERSION = YES;
				CLANG_WARN_OBJC_ROOT_CLASS = YES_ERROR;
				CLANG_WARN_SUSPICIOUS_MOVE = YES;
				CLANG_WARN_UNREACHABLE_CODE = YES;
				CLANG_WARN__DUPLICATE_METHOD_MATCH = YES;
				"CODE_SIGN_IDENTITY[sdk=iphoneos*]" = "iPhone Developer";
				COPY_PHASE_STRIP = NO;
				DEBUG_INFORMATION_FORMAT = dwarf;
				ENABLE_STRICT_OBJC_MSGSEND = YES;
				ENABLE_TESTABILITY = YES;
				GCC_C_LANGUAGE_STANDARD = gnu99;
				GCC_DYNAMIC_NO_PIC = NO;
				GCC_NO_COMMON_BLOCKS = YES;
				GCC_OPTIMIZATION_LEVEL = 0;
				GCC_PREPROCESSOR_DEFINITIONS = (
					"DEBUG=1",
					"$(inherited)",
				);
				GCC_WARN_64_TO_32_BIT_CONVERSION = YES;
				GCC_WARN_ABOUT_RETURN_TYPE = YES_ERROR;
				GCC_WARN_UNDECLARED_SELECTOR = YES;
				GCC_WARN_UNINITIALIZED_AUTOS = YES_AGGRESSIVE;
				GCC_WARN_UNUSED_FUNCTION = YES;
				GCC_WARN_UNUSED_VARIABLE = YES;
				IPHONEOS_DEPLOYMENT_TARGET = 10.3;
				MTL_ENABLE_DEBUG_INFO = YES;
				ONLY_ACTIVE_ARCH = YES;
				SDKROOT = iphoneos;
				SWIFT_ACTIVE_COMPILATION_CONDITIONS = DEBUG;
				SWIFT_OPTIMIZATION_LEVEL = "-Onone";
			};
			name = Debug;
		};
		7A1248CC1F1CAE51004308E6 /* Release */ = {
			isa = XCBuildConfiguration;
			buildSettings = {
				ALWAYS_SEARCH_USER_PATHS = NO;
				CLANG_ANALYZER_NONNULL = YES;
				CLANG_ANALYZER_NUMBER_OBJECT_CONVERSION = YES_AGGRESSIVE;
				CLANG_CXX_LANGUAGE_STANDARD = "gnu++0x";
				CLANG_CXX_LIBRARY = "libc++";
				CLANG_ENABLE_MODULES = YES;
				CLANG_ENABLE_OBJC_ARC = YES;
				CLANG_WARN_BOOL_CONVERSION = YES;
				CLANG_WARN_CONSTANT_CONVERSION = YES;
				CLANG_WARN_DIRECT_OBJC_ISA_USAGE = YES_ERROR;
				CLANG_WARN_DOCUMENTATION_COMMENTS = YES;
				CLANG_WARN_EMPTY_BODY = YES;
				CLANG_WARN_ENUM_CONVERSION = YES;
				CLANG_WARN_INFINITE_RECURSION = YES;
				CLANG_WARN_INT_CONVERSION = YES;
				CLANG_WARN_OBJC_ROOT_CLASS = YES_ERROR;
				CLANG_WARN_SUSPICIOUS_MOVE = YES;
				CLANG_WARN_UNREACHABLE_CODE = YES;
				CLANG_WARN__DUPLICATE_METHOD_MATCH = YES;
				"CODE_SIGN_IDENTITY[sdk=iphoneos*]" = "iPhone Developer";
				COPY_PHASE_STRIP = NO;
				DEBUG_INFORMATION_FORMAT = "dwarf-with-dsym";
				ENABLE_NS_ASSERTIONS = NO;
				ENABLE_STRICT_OBJC_MSGSEND = YES;
				GCC_C_LANGUAGE_STANDARD = gnu99;
				GCC_NO_COMMON_BLOCKS = YES;
				GCC_WARN_64_TO_32_BIT_CONVERSION = YES;
				GCC_WARN_ABOUT_RETURN_TYPE = YES_ERROR;
				GCC_WARN_UNDECLARED_SELECTOR = YES;
				GCC_WARN_UNINITIALIZED_AUTOS = YES_AGGRESSIVE;
				GCC_WARN_UNUSED_FUNCTION = YES;
				GCC_WARN_UNUSED_VARIABLE = YES;
				IPHONEOS_DEPLOYMENT_TARGET = 10.3;
				MTL_ENABLE_DEBUG_INFO = NO;
				SDKROOT = iphoneos;
				SWIFT_OPTIMIZATION_LEVEL = "-Owholemodule";
				VALIDATE_PRODUCT = YES;
			};
			name = Release;
		};
		7A1248CE1F1CAE51004308E6 /* Debug */ = {
			isa = XCBuildConfiguration;
			baseConfigurationReference = 3877545A7D840D7A44DDEAC1 /* Pods-SegmentPageDemo.debug.xcconfig */;
			buildSettings = {
				ASSETCATALOG_COMPILER_APPICON_NAME = AppIcon;
				DEVELOPMENT_TEAM = 5NKJT58L7D;
				INFOPLIST_FILE = SegmentPageDemo/Info.plist;
				LD_RUNPATH_SEARCH_PATHS = "$(inherited) @executable_path/Frameworks";
				PRODUCT_BUNDLE_IDENTIFIER = com.yuanjiee.SegmentPageDemo;
				PRODUCT_NAME = "$(TARGET_NAME)";
				SWIFT_VERSION = 3.0;
			};
			name = Debug;
		};
		7A1248CF1F1CAE51004308E6 /* Release */ = {
			isa = XCBuildConfiguration;
			baseConfigurationReference = 313FB953CE18EC6F7071214B /* Pods-SegmentPageDemo.release.xcconfig */;
			buildSettings = {
				ASSETCATALOG_COMPILER_APPICON_NAME = AppIcon;
				DEVELOPMENT_TEAM = 5NKJT58L7D;
				INFOPLIST_FILE = SegmentPageDemo/Info.plist;
				LD_RUNPATH_SEARCH_PATHS = "$(inherited) @executable_path/Frameworks";
				PRODUCT_BUNDLE_IDENTIFIER = com.yuanjiee.SegmentPageDemo;
				PRODUCT_NAME = "$(TARGET_NAME)";
				SWIFT_VERSION = 3.0;
			};
			name = Release;
		};
		7A1248D11F1CAE51004308E6 /* Debug */ = {
			isa = XCBuildConfiguration;
			baseConfigurationReference = E0E334251CDB9EE239916812 /* Pods-SegmentPageDemoTests.debug.xcconfig */;
			buildSettings = {
				ALWAYS_EMBED_SWIFT_STANDARD_LIBRARIES = YES;
				BUNDLE_LOADER = "$(TEST_HOST)";
				DEVELOPMENT_TEAM = 5NKJT58L7D;
				INFOPLIST_FILE = SegmentPageDemoTests/Info.plist;
				LD_RUNPATH_SEARCH_PATHS = "$(inherited) @executable_path/Frameworks @loader_path/Frameworks";
				PRODUCT_BUNDLE_IDENTIFIER = com.yuanjiee.SegmentPageDemoTests;
				PRODUCT_NAME = "$(TARGET_NAME)";
				SWIFT_VERSION = 3.0;
				TEST_HOST = "$(BUILT_PRODUCTS_DIR)/SegmentPageDemo.app/SegmentPageDemo";
			};
			name = Debug;
		};
		7A1248D21F1CAE51004308E6 /* Release */ = {
			isa = XCBuildConfiguration;
			baseConfigurationReference = 888A978ACD38107021346698 /* Pods-SegmentPageDemoTests.release.xcconfig */;
			buildSettings = {
				ALWAYS_EMBED_SWIFT_STANDARD_LIBRARIES = YES;
				BUNDLE_LOADER = "$(TEST_HOST)";
				DEVELOPMENT_TEAM = 5NKJT58L7D;
				INFOPLIST_FILE = SegmentPageDemoTests/Info.plist;
				LD_RUNPATH_SEARCH_PATHS = "$(inherited) @executable_path/Frameworks @loader_path/Frameworks";
				PRODUCT_BUNDLE_IDENTIFIER = com.yuanjiee.SegmentPageDemoTests;
				PRODUCT_NAME = "$(TARGET_NAME)";
				SWIFT_VERSION = 3.0;
				TEST_HOST = "$(BUILT_PRODUCTS_DIR)/SegmentPageDemo.app/SegmentPageDemo";
			};
			name = Release;
		};
		7A1248D41F1CAE51004308E6 /* Debug */ = {
			isa = XCBuildConfiguration;
			baseConfigurationReference = 29DF89D02EC271DB487BA6CC /* Pods-SegmentPageDemoUITests.debug.xcconfig */;
			buildSettings = {
				ALWAYS_EMBED_SWIFT_STANDARD_LIBRARIES = YES;
				DEVELOPMENT_TEAM = 5NKJT58L7D;
				INFOPLIST_FILE = SegmentPageDemoUITests/Info.plist;
				LD_RUNPATH_SEARCH_PATHS = "$(inherited) @executable_path/Frameworks @loader_path/Frameworks";
				PRODUCT_BUNDLE_IDENTIFIER = com.yuanjiee.SegmentPageDemoUITests;
				PRODUCT_NAME = "$(TARGET_NAME)";
				SWIFT_VERSION = 3.0;
				TEST_TARGET_NAME = SegmentPageDemo;
			};
			name = Debug;
		};
		7A1248D51F1CAE51004308E6 /* Release */ = {
			isa = XCBuildConfiguration;
			baseConfigurationReference = 3B52ECCB53DA084C081BCDB3 /* Pods-SegmentPageDemoUITests.release.xcconfig */;
			buildSettings = {
				ALWAYS_EMBED_SWIFT_STANDARD_LIBRARIES = YES;
				DEVELOPMENT_TEAM = 5NKJT58L7D;
				INFOPLIST_FILE = SegmentPageDemoUITests/Info.plist;
				LD_RUNPATH_SEARCH_PATHS = "$(inherited) @executable_path/Frameworks @loader_path/Frameworks";
				PRODUCT_BUNDLE_IDENTIFIER = com.yuanjiee.SegmentPageDemoUITests;
				PRODUCT_NAME = "$(TARGET_NAME)";
				SWIFT_VERSION = 3.0;
				TEST_TARGET_NAME = SegmentPageDemo;
			};
			name = Release;
		};
/* End XCBuildConfiguration section */

/* Begin XCConfigurationList section */
		7A1248A01F1CAE51004308E6 /* Build configuration list for PBXProject "SegmentPageDemo" */ = {
			isa = XCConfigurationList;
			buildConfigurations = (
				7A1248CB1F1CAE51004308E6 /* Debug */,
				7A1248CC1F1CAE51004308E6 /* Release */,
			);
			defaultConfigurationIsVisible = 0;
			defaultConfigurationName = Release;
		};
		7A1248CD1F1CAE51004308E6 /* Build configuration list for PBXNativeTarget "SegmentPageDemo" */ = {
			isa = XCConfigurationList;
			buildConfigurations = (
				7A1248CE1F1CAE51004308E6 /* Debug */,
				7A1248CF1F1CAE51004308E6 /* Release */,
			);
			defaultConfigurationIsVisible = 0;
			defaultConfigurationName = Release;
		};
		7A1248D01F1CAE51004308E6 /* Build configuration list for PBXNativeTarget "SegmentPageDemoTests" */ = {
			isa = XCConfigurationList;
			buildConfigurations = (
				7A1248D11F1CAE51004308E6 /* Debug */,
				7A1248D21F1CAE51004308E6 /* Release */,
			);
			defaultConfigurationIsVisible = 0;
			defaultConfigurationName = Release;
		};
		7A1248D31F1CAE51004308E6 /* Build configuration list for PBXNativeTarget "SegmentPageDemoUITests" */ = {
			isa = XCConfigurationList;
			buildConfigurations = (
				7A1248D41F1CAE51004308E6 /* Debug */,
				7A1248D51F1CAE51004308E6 /* Release */,
			);
			defaultConfigurationIsVisible = 0;
			defaultConfigurationName = Release;
		};
/* End XCConfigurationList section */
	};
	rootObject = 7A12489D1F1CAE51004308E6 /* Project object */;
}
